// !$*UTF8*$!
{
	archiveVersion = 1;
	classes = {
	};
	objectVersion = 77;
	objects = {

/* Begin PBXBuildFile section */
		304241552E0E9B44001BFD9F /* starkbank-ecdsa in Frameworks */ = {isa = PBXBuildFile; productRef = 304241542E0E9B44001BFD9F /* starkbank-ecdsa */; };
		304241E22E0EF653001BFD9F /* RxCocoa in Frameworks */ = {isa = PBXBuildFile; productRef = 304241E12E0EF653001BFD9F /* RxCocoa */; };
		304241F02E0F1AED001BFD9F /* SwiftProtobuf in Frameworks */ = {isa = PBXBuildFile; productRef = 304241EF2E0F1AED001BFD9F /* SwiftProtobuf */; };
/* End PBXBuildFile section */

/* Begin PBXContainerItemProxy section */
		3042410A2E0E4F8F001BFD9F /* PBXContainerItemProxy */ = {
			isa = PBXContainerItemProxy;
			containerPortal = 304240EB2E0E4F8D001BFD9F /* Project object */;
			proxyType = 1;
			remoteGlobalIDString = 304240F22E0E4F8D001BFD9F;
			remoteInfo = BLETransfer;
		};
		304241142E0E4F8F001BFD9F /* PBXContainerItemProxy */ = {
			isa = PBXContainerItemProxy;
			containerPortal = 304240EB2E0E4F8D001BFD9F /* Project object */;
			proxyType = 1;
			remoteGlobalIDString = 304240F22E0E4F8D001BFD9F;
			remoteInfo = BLETransfer;
		};
/* End PBXContainerItemProxy section */

/* Begin PBXFileReference section */
		304240F32E0E4F8D001BFD9F /* BLETransfer.app */ = {isa = PBXFileReference; explicitFileType = wrapper.application; includeInIndex = 0; path = BLETransfer.app; sourceTree = BUILT_PRODUCTS_DIR; };
		304241092E0E4F8F001BFD9F /* BLETransferTests.xctest */ = {isa = PBXFileReference; explicitFileType = wrapper.cfbundle; includeInIndex = 0; path = BLETransferTests.xctest; sourceTree = BUILT_PRODUCTS_DIR; };
		304241132E0E4F8F001BFD9F /* BLETransferUITests.xctest */ = {isa = PBXFileReference; explicitFileType = wrapper.cfbundle; includeInIndex = 0; path = BLETransferUITests.xctest; sourceTree = BUILT_PRODUCTS_DIR; };
/* End PBXFileReference section */

/* Begin PBXFileSystemSynchronizedBuildFileExceptionSet section */
		3042411B2E0E4F8F001BFD9F /* Exceptions for "BLETransfer" folder in "BLETransfer" target */ = {
			isa = PBXFileSystemSynchronizedBuildFileExceptionSet;
			membershipExceptions = (
				Info.plist,
			);
			target = 304240F22E0E4F8D001BFD9F /* BLETransfer */;
		};
/* End PBXFileSystemSynchronizedBuildFileExceptionSet section */

/* Begin PBXFileSystemSynchronizedRootGroup section */
		304240F52E0E4F8D001BFD9F /* BLETransfer */ = {
			isa = PBXFileSystemSynchronizedRootGroup;
			exceptions = (
				3042411B2E0E4F8F001BFD9F /* Exceptions for "BLETransfer" folder in "BLETransfer" target */,
			);
			path = BLETransfer;
			sourceTree = "<group>";
		};
		3042410C2E0E4F8F001BFD9F /* BLETransferTests */ = {
			isa = PBXFileSystemSynchronizedRootGroup;
			path = BLETransferTests;
			sourceTree = "<group>";
		};
		304241162E0E4F8F001BFD9F /* BLETransferUITests */ = {
			isa = PBXFileSystemSynchronizedRootGroup;
			path = BLETransferUITests;
			sourceTree = "<group>";
		};
/* End PBXFileSystemSynchronizedRootGroup section */

/* Begin PBXFrameworksBuildPhase section */
		304240F02E0E4F8D001BFD9F /* Frameworks */ = {
			isa = PBXFrameworksBuildPhase;
			buildActionMask = 2147483647;
			files = (
				304241E22E0EF653001BFD9F /* RxCocoa in Frameworks */,
				304241552E0E9B44001BFD9F /* starkbank-ecdsa in Frameworks */,
				304241F02E0F1AED001BFD9F /* SwiftProtobuf in Frameworks */,
			);
			runOnlyForDeploymentPostprocessing = 0;
		};
		304241062E0E4F8F001BFD9F /* Frameworks */ = {
			isa = PBXFrameworksBuildPhase;
			buildActionMask = 2147483647;
			files = (
			);
			runOnlyForDeploymentPostprocessing = 0;
		};
		304241102E0E4F8F001BFD9F /* Frameworks */ = {
			isa = PBXFrameworksBuildPhase;
			buildActionMask = 2147483647;
			files = (
			);
			runOnlyForDeploymentPostprocessing = 0;
		};
/* End PBXFrameworksBuildPhase section */

/* Begin PBXGroup section */
		304240EA2E0E4F8D001BFD9F = {
			isa = PBXGroup;
			children = (
				304240F52E0E4F8D001BFD9F /* BLETransfer */,
				3042410C2E0E4F8F001BFD9F /* BLETransferTests */,
				304241162E0E4F8F001BFD9F /* BLETransferUITests */,
				304240F42E0E4F8D001BFD9F /* Products */,
			);
			sourceTree = "<group>";
		};
		304240F42E0E4F8D001BFD9F /* Products */ = {
			isa = PBXGroup;
			children = (
				304240F32E0E4F8D001BFD9F /* BLETransfer.app */,
				304241092E0E4F8F001BFD9F /* BLETransferTests.xctest */,
				304241132E0E4F8F001BFD9F /* BLETransferUITests.xctest */,
			);
			name = Products;
			sourceTree = "<group>";
		};
/* End PBXGroup section */

/* Begin PBXNativeTarget section */
		304240F22E0E4F8D001BFD9F /* BLETransfer */ = {
			isa = PBXNativeTarget;
			buildConfigurationList = 3042411C2E0E4F8F001BFD9F /* Build configuration list for PBXNativeTarget "BLETransfer" */;
			buildPhases = (
				304240EF2E0E4F8D001BFD9F /* Sources */,
				304240F02E0E4F8D001BFD9F /* Frameworks */,
				304240F12E0E4F8D001BFD9F /* Resources */,
			);
			buildRules = (
			);
			dependencies = (
			);
			fileSystemSynchronizedGroups = (
				304240F52E0E4F8D001BFD9F /* BLETransfer */,
			);
			name = BLETransfer;
			packageProductDependencies = (
				304241542E0E9B44001BFD9F /* starkbank-ecdsa */,
				304241E12E0EF653001BFD9F /* RxCocoa */,
				304241EF2E0F1AED001BFD9F /* SwiftProtobuf */,
			);
			productName = BLETransfer;
			productReference = 304240F32E0E4F8D001BFD9F /* BLETransfer.app */;
			productType = "com.apple.product-type.application";
		};
		304241082E0E4F8F001BFD9F /* BLETransferTests */ = {
			isa = PBXNativeTarget;
			buildConfigurationList = 304241212E0E4F8F001BFD9F /* Build configuration list for PBXNativeTarget "BLETransferTests" */;
			buildPhases = (
				304241052E0E4F8F001BFD9F /* Sources */,
				304241062E0E4F8F001BFD9F /* Frameworks */,
				304241072E0E4F8F001BFD9F /* Resources */,
			);
			buildRules = (
			);
			dependencies = (
				3042410B2E0E4F8F001BFD9F /* PBXTargetDependency */,
			);
			fileSystemSynchronizedGroups = (
				3042410C2E0E4F8F001BFD9F /* BLETransferTests */,
			);
			name = BLETransferTests;
			packageProductDependencies = (
			);
			productName = BLETransferTests;
			productReference = 304241092E0E4F8F001BFD9F /* BLETransferTests.xctest */;
			productType = "com.apple.product-type.bundle.unit-test";
		};
		304241122E0E4F8F001BFD9F /* BLETransferUITests */ = {
			isa = PBXNativeTarget;
			buildConfigurationList = 304241242E0E4F8F001BFD9F /* Build configuration list for PBXNativeTarget "BLETransferUITests" */;
			buildPhases = (
				3042410F2E0E4F8F001BFD9F /* Sources */,
				304241102E0E4F8F001BFD9F /* Frameworks */,
				304241112E0E4F8F001BFD9F /* Resources */,
			);
			buildRules = (
			);
			dependencies = (
				304241152E0E4F8F001BFD9F /* PBXTargetDependency */,
			);
			fileSystemSynchronizedGroups = (
				304241162E0E4F8F001BFD9F /* BLETransferUITests */,
			);
			name = BLETransferUITests;
			packageProductDependencies = (
			);
			productName = BLETransferUITests;
			productReference = 304241132E0E4F8F001BFD9F /* BLETransferUITests.xctest */;
			productType = "com.apple.product-type.bundle.ui-testing";
		};
/* End PBXNativeTarget section */

/* Begin PBXProject section */
		304240EB2E0E4F8D001BFD9F /* Project object */ = {
			isa = PBXProject;
			attributes = {
				BuildIndependentTargetsInParallel = 1;
				LastSwiftUpdateCheck = 1640;
				LastUpgradeCheck = 1640;
				TargetAttributes = {
					304240F22E0E4F8D001BFD9F = {
						CreatedOnToolsVersion = 16.4;
					};
					304241082E0E4F8F001BFD9F = {
						CreatedOnToolsVersion = 16.4;
						TestTargetID = 304240F22E0E4F8D001BFD9F;
					};
					304241122E0E4F8F001BFD9F = {
						CreatedOnToolsVersion = 16.4;
						TestTargetID = 304240F22E0E4F8D001BFD9F;
					};
				};
			};
			buildConfigurationList = 304240EE2E0E4F8D001BFD9F /* Build configuration list for PBXProject "BLETransfer" */;
			developmentRegion = en;
			hasScannedForEncodings = 0;
			knownRegions = (
				en,
				Base,
			);
			mainGroup = 304240EA2E0E4F8D001BFD9F;
			minimizedProjectReferenceProxies = 1;
			packageReferences = (
				304241532E0E9B44001BFD9F /* XCRemoteSwiftPackageReference "ecdsa-swift" */,
				304241E02E0EF653001BFD9F /* XCRemoteSwiftPackageReference "RxSwift" */,
				304241EE2E0F1AED001BFD9F /* XCRemoteSwiftPackageReference "swift-protobuf" */,
			);
			preferredProjectObjectVersion = 77;
			productRefGroup = 304240F42E0E4F8D001BFD9F /* Products */;
			projectDirPath = "";
			projectRoot = "";
			targets = (
				304240F22E0E4F8D001BFD9F /* BLETransfer */,
				304241082E0E4F8F001BFD9F /* BLETransferTests */,
				304241122E0E4F8F001BFD9F /* BLETransferUITests */,
			);
		};
/* End PBXProject section */

/* Begin PBXResourcesBuildPhase section */
		304240F12E0E4F8D001BFD9F /* Resources */ = {
			isa = PBXResourcesBuildPhase;
			buildActionMask = 2147483647;
			files = (
			);
			runOnlyForDeploymentPostprocessing = 0;
		};
		304241072E0E4F8F001BFD9F /* Resources */ = {
			isa = PBXResourcesBuildPhase;
			buildActionMask = 2147483647;
			files = (
			);
			runOnlyForDeploymentPostprocessing = 0;
		};
		304241112E0E4F8F001BFD9F /* Resources */ = {
			isa = PBXResourcesBuildPhase;
			buildActionMask = 2147483647;
			files = (
			);
			runOnlyForDeploymentPostprocessing = 0;
		};
/* End PBXResourcesBuildPhase section */

/* Begin PBXSourcesBuildPhase section */
		304240EF2E0E4F8D001BFD9F /* Sources */ = {
			isa = PBXSourcesBuildPhase;
			buildActionMask = 2147483647;
			files = (
			);
			runOnlyForDeploymentPostprocessing = 0;
		};
		304241052E0E4F8F001BFD9F /* Sources */ = {
			isa = PBXSourcesBuildPhase;
			buildActionMask = 2147483647;
			files = (
			);
			runOnlyForDeploymentPostprocessing = 0;
		};
		3042410F2E0E4F8F001BFD9F /* Sources */ = {
			isa = PBXSourcesBuildPhase;
			buildActionMask = 2147483647;
			files = (
			);
			runOnlyForDeploymentPostprocessing = 0;
		};
/* End PBXSourcesBuildPhase section */

/* Begin PBXTargetDependency section */
		3042410B2E0E4F8F001BFD9F /* PBXTargetDependency */ = {
			isa = PBXTargetDependency;
			target = 304240F22E0E4F8D001BFD9F /* BLETransfer */;
			targetProxy = 3042410A2E0E4F8F001BFD9F /* PBXContainerItemProxy */;
		};
		304241152E0E4F8F001BFD9F /* PBXTargetDependency */ = {
			isa = PBXTargetDependency;
			target = 304240F22E0E4F8D001BFD9F /* BLETransfer */;
			targetProxy = 304241142E0E4F8F001BFD9F /* PBXContainerItemProxy */;
		};
/* End PBXTargetDependency section */

/* Begin XCBuildConfiguration section */
		3042411D2E0E4F8F001BFD9F /* Debug */ = {
			isa = XCBuildConfiguration;
			buildSettings = {
				ASSETCATALOG_COMPILER_APPICON_NAME = AppIcon;
				ASSETCATALOG_COMPILER_GLOBAL_ACCENT_COLOR_NAME = AccentColor;
				CODE_SIGN_STYLE = Automatic;
				CURRENT_PROJECT_VERSION = 1;
				DEVELOPMENT_TEAM = R6X48SLTJ4;
				GENERATE_INFOPLIST_FILE = YES;
				INFOPLIST_FILE = BLETransfer/Info.plist;
				INFOPLIST_KEY_NSBluetoothAlwaysUsageDescription = "Bluetooth access is needed to connect with nearby devices.";
				INFOPLIST_KEY_NSCameraUsageDescription = "Camera access is required to scan QR codes.";
				INFOPLIST_KEY_UIApplicationSupportsIndirectInputEvents = YES;
				INFOPLIST_KEY_UILaunchStoryboardName = LaunchScreen;
				INFOPLIST_KEY_UIMainStoryboardFile = RoleChooser;
				INFOPLIST_KEY_UISupportedInterfaceOrientations_iPad = "UIInterfaceOrientationPortrait UIInterfaceOrientationPortraitUpsideDown UIInterfaceOrientationLandscapeLeft UIInterfaceOrientationLandscapeRight";
				INFOPLIST_KEY_UISupportedInterfaceOrientations_iPhone = "UIInterfaceOrientationPortrait UIInterfaceOrientationLandscapeLeft UIInterfaceOrientationLandscapeRight";
				IPHONEOS_DEPLOYMENT_TARGET = 16.6;
				LD_RUNPATH_SEARCH_PATHS = (
					"$(inherited)",
					"@executable_path/Frameworks",
				);
				MARKETING_VERSION = 1.0;
				PRODUCT_BUNDLE_IDENTIFIER = com.nwanvu.BLETransfer;
				PRODUCT_NAME = "$(TARGET_NAME)";
				SWIFT_EMIT_LOC_STRINGS = YES;
				SWIFT_VERSION = 5.0;
				TARGETED_DEVICE_FAMILY = "1,2";
			};
			name = Debug;
		};
		3042411E2E0E4F8F001BFD9F /* Release */ = {
			isa = XCBuildConfiguration;
			buildSettings = {
				ASSETCATALOG_COMPILER_APPICON_NAME = AppIcon;
				ASSETCATALOG_COMPILER_GLOBAL_ACCENT_COLOR_NAME = AccentColor;
				CODE_SIGN_STYLE = Automatic;
				CURRENT_PROJECT_VERSION = 1;
				DEVELOPMENT_TEAM = R6X48SLTJ4;
				GENERATE_INFOPLIST_FILE = YES;
				INFOPLIST_FILE = BLETransfer/Info.plist;
				INFOPLIST_KEY_NSBluetoothAlwaysUsageDescription = "Bluetooth access is needed to connect with nearby devices.";
				INFOPLIST_KEY_NSCameraUsageDescription = "Camera access is required to scan QR codes.";
				INFOPLIST_KEY_UIApplicationSupportsIndirectInputEvents = YES;
				INFOPLIST_KEY_UILaunchStoryboardName = LaunchScreen;
				INFOPLIST_KEY_UIMainStoryboardFile = RoleChooser;
				INFOPLIST_KEY_UISupportedInterfaceOrientations_iPad = "UIInterfaceOrientationPortrait UIInterfaceOrientationPortraitUpsideDown UIInterfaceOrientationLandscapeLeft UIInterfaceOrientationLandscapeRight";
				INFOPLIST_KEY_UISupportedInterfaceOrientations_iPhone = "UIInterfaceOrientationPortrait UIInterfaceOrientationLandscapeLeft UIInterfaceOrientationLandscapeRight";
				IPHONEOS_DEPLOYMENT_TARGET = 16.6;
				LD_RUNPATH_SEARCH_PATHS = (
					"$(inherited)",
					"@executable_path/Frameworks",
				);
				MARKETING_VERSION = 1.0;
				PRODUCT_BUNDLE_IDENTIFIER = com.nwanvu.BLETransfer;
				PRODUCT_NAME = "$(TARGET_NAME)";
				SWIFT_EMIT_LOC_STRINGS = YES;
				SWIFT_VERSION = 5.0;
				TARGETED_DEVICE_FAMILY = "1,2";
			};
			name = Release;
		};
		3042411F2E0E4F8F001BFD9F /* Debug */ = {
			isa = XCBuildConfiguration;
			buildSettings = {
				ALWAYS_SEARCH_USER_PATHS = NO;
				ASSETCATALOG_COMPILER_GENERATE_SWIFT_ASSET_SYMBOL_EXTENSIONS = YES;
				CLANG_ANALYZER_NONNULL = YES;
				CLANG_ANALYZER_NUMBER_OBJECT_CONVERSION = YES_AGGRESSIVE;
				CLANG_CXX_LANGUAGE_STANDARD = "gnu++20";
				CLANG_ENABLE_MODULES = YES;
				CLANG_ENABLE_OBJC_ARC = YES;
				CLANG_ENABLE_OBJC_WEAK = YES;
				CLANG_WARN_BLOCK_CAPTURE_AUTORELEASING = YES;
				CLANG_WARN_BOOL_CONVERSION = YES;
				CLANG_WARN_COMMA = YES;
				CLANG_WARN_CONSTANT_CONVERSION = YES;
				CLANG_WARN_DEPRECATED_OBJC_IMPLEMENTATIONS = YES;
				CLANG_WARN_DIRECT_OBJC_ISA_USAGE = YES_ERROR;
				CLANG_WARN_DOCUMENTATION_COMMENTS = YES;
				CLANG_WARN_EMPTY_BODY = YES;
				CLANG_WARN_ENUM_CONVERSION = YES;
				CLANG_WARN_INFINITE_RECURSION = YES;
				CLANG_WARN_INT_CONVERSION = YES;
				CLANG_WARN_NON_LITERAL_NULL_CONVERSION = YES;
				CLANG_WARN_OBJC_IMPLICIT_RETAIN_SELF = YES;
				CLANG_WARN_OBJC_LITERAL_CONVERSION = YES;
				CLANG_WARN_OBJC_ROOT_CLASS = YES_ERROR;
				CLANG_WARN_QUOTED_INCLUDE_IN_FRAMEWORK_HEADER = YES;
				CLANG_WARN_RANGE_LOOP_ANALYSIS = YES;
				CLANG_WARN_STRICT_PROTOTYPES = YES;
				CLANG_WARN_SUSPICIOUS_MOVE = YES;
				CLANG_WARN_UNGUARDED_AVAILABILITY = YES_AGGRESSIVE;
				CLANG_WARN_UNREACHABLE_CODE = YES;
				CLANG_WARN__DUPLICATE_METHOD_MATCH = YES;
				COPY_PHASE_STRIP = NO;
				DEBUG_INFORMATION_FORMAT = dwarf;
				DEVELOPMENT_TEAM = R6X48SLTJ4;
				ENABLE_STRICT_OBJC_MSGSEND = YES;
				ENABLE_TESTABILITY = YES;
				ENABLE_USER_SCRIPT_SANDBOXING = YES;
				GCC_C_LANGUAGE_STANDARD = gnu17;
				GCC_DYNAMIC_NO_PIC = NO;
				GCC_NO_COMMON_BLOCKS = YES;
				GCC_OPTIMIZATION_LEVEL = 0;
				GCC_PREPROCESSOR_DEFINITIONS = (
					"DEBUG=1",
					"$(inherited)",
				);
				GCC_WARN_64_TO_32_BIT_CONVERSION = YES;
				GCC_WARN_ABOUT_RETURN_TYPE = YES_ERROR;
				GCC_WARN_UNDECLARED_SELECTOR = YES;
				GCC_WARN_UNINITIALIZED_AUTOS = YES_AGGRESSIVE;
				GCC_WARN_UNUSED_FUNCTION = YES;
				GCC_WARN_UNUSED_VARIABLE = YES;
				IPHONEOS_DEPLOYMENT_TARGET = 18.5;
				LOCALIZATION_PREFERS_STRING_CATALOGS = YES;
				MTL_ENABLE_DEBUG_INFO = INCLUDE_SOURCE;
				MTL_FAST_MATH = YES;
				ONLY_ACTIVE_ARCH = YES;
				SDKROOT = iphoneos;
				SWIFT_ACTIVE_COMPILATION_CONDITIONS = "DEBUG $(inherited)";
				SWIFT_OPTIMIZATION_LEVEL = "-Onone";
			};
			name = Debug;
		};
		304241202E0E4F8F001BFD9F /* Release */ = {
			isa = XCBuildConfiguration;
			buildSettings = {
				ALWAYS_SEARCH_USER_PATHS = NO;
				ASSETCATALOG_COMPILER_GENERATE_SWIFT_ASSET_SYMBOL_EXTENSIONS = YES;
				CLANG_ANALYZER_NONNULL = YES;
				CLANG_ANALYZER_NUMBER_OBJECT_CONVERSION = YES_AGGRESSIVE;
				CLANG_CXX_LANGUAGE_STANDARD = "gnu++20";
				CLANG_ENABLE_MODULES = YES;
				CLANG_ENABLE_OBJC_ARC = YES;
				CLANG_ENABLE_OBJC_WEAK = YES;
				CLANG_WARN_BLOCK_CAPTURE_AUTORELEASING = YES;
				CLANG_WARN_BOOL_CONVERSION = YES;
				CLANG_WARN_COMMA = YES;
				CLANG_WARN_CONSTANT_CONVERSION = YES;
				CLANG_WARN_DEPRECATED_OBJC_IMPLEMENTATIONS = YES;
				CLANG_WARN_DIRECT_OBJC_ISA_USAGE = YES_ERROR;
				CLANG_WARN_DOCUMENTATION_COMMENTS = YES;
				CLANG_WARN_EMPTY_BODY = YES;
				CLANG_WARN_ENUM_CONVERSION = YES;
				CLANG_WARN_INFINITE_RECURSION = YES;
				CLANG_WARN_INT_CONVERSION = YES;
				CLANG_WARN_NON_LITERAL_NULL_CONVERSION = YES;
				CLANG_WARN_OBJC_IMPLICIT_RETAIN_SELF = YES;
				CLANG_WARN_OBJC_LITERAL_CONVERSION = YES;
				CLANG_WARN_OBJC_ROOT_CLASS = YES_ERROR;
				CLANG_WARN_QUOTED_INCLUDE_IN_FRAMEWORK_HEADER = YES;
				CLANG_WARN_RANGE_LOOP_ANALYSIS = YES;
				CLANG_WARN_STRICT_PROTOTYPES = YES;
				CLANG_WARN_SUSPICIOUS_MOVE = YES;
				CLANG_WARN_UNGUARDED_AVAILABILITY = YES_AGGRESSIVE;
				CLANG_WARN_UNREACHABLE_CODE = YES;
				CLANG_WARN__DUPLICATE_METHOD_MATCH = YES;
				COPY_PHASE_STRIP = NO;
				DEBUG_INFORMATION_FORMAT = "dwarf-with-dsym";
				DEVELOPMENT_TEAM = R6X48SLTJ4;
				ENABLE_NS_ASSERTIONS = NO;
				ENABLE_STRICT_OBJC_MSGSEND = YES;
				ENABLE_USER_SCRIPT_SANDBOXING = YES;
				GCC_C_LANGUAGE_STANDARD = gnu17;
				GCC_NO_COMMON_BLOCKS = YES;
				GCC_WARN_64_TO_32_BIT_CONVERSION = YES;
				GCC_WARN_ABOUT_RETURN_TYPE = YES_ERROR;
				GCC_WARN_UNDECLARED_SELECTOR = YES;
				GCC_WARN_UNINITIALIZED_AUTOS = YES_AGGRESSIVE;
				GCC_WARN_UNUSED_FUNCTION = YES;
				GCC_WARN_UNUSED_VARIABLE = YES;
				IPHONEOS_DEPLOYMENT_TARGET = 18.5;
				LOCALIZATION_PREFERS_STRING_CATALOGS = YES;
				MTL_ENABLE_DEBUG_INFO = NO;
				MTL_FAST_MATH = YES;
				SDKROOT = iphoneos;
				SWIFT_COMPILATION_MODE = wholemodule;
				VALIDATE_PRODUCT = YES;
			};
			name = Release;
		};
		304241222E0E4F8F001BFD9F /* Debug */ = {
			isa = XCBuildConfiguration;
			buildSettings = {
				BUNDLE_LOADER = "$(TEST_HOST)";
				CODE_SIGN_STYLE = Automatic;
				CURRENT_PROJECT_VERSION = 1;
				DEVELOPMENT_TEAM = R6X48SLTJ4;
				GENERATE_INFOPLIST_FILE = YES;
				IPHONEOS_DEPLOYMENT_TARGET = 18.5;
				MARKETING_VERSION = 1.0;
				PRODUCT_BUNDLE_IDENTIFIER = com.nwanvu.BLETransferTests;
				PRODUCT_NAME = "$(TARGET_NAME)";
				SWIFT_EMIT_LOC_STRINGS = NO;
				SWIFT_VERSION = 5.0;
				TARGETED_DEVICE_FAMILY = "1,2";
				TEST_HOST = "$(BUILT_PRODUCTS_DIR)/BLETransfer.app/$(BUNDLE_EXECUTABLE_FOLDER_PATH)/BLETransfer";
			};
			name = Debug;
		};
		304241232E0E4F8F001BFD9F /* Release */ = {
			isa = XCBuildConfiguration;
			buildSettings = {
				BUNDLE_LOADER = "$(TEST_HOST)";
				CODE_SIGN_STYLE = Automatic;
				CURRENT_PROJECT_VERSION = 1;
				DEVELOPMENT_TEAM = R6X48SLTJ4;
				GENERATE_INFOPLIST_FILE = YES;
				IPHONEOS_DEPLOYMENT_TARGET = 18.5;
				MARKETING_VERSION = 1.0;
				PRODUCT_BUNDLE_IDENTIFIER = com.nwanvu.BLETransferTests;
				PRODUCT_NAME = "$(TARGET_NAME)";
				SWIFT_EMIT_LOC_STRINGS = NO;
				SWIFT_VERSION = 5.0;
				TARGETED_DEVICE_FAMILY = "1,2";
				TEST_HOST = "$(BUILT_PRODUCTS_DIR)/BLETransfer.app/$(BUNDLE_EXECUTABLE_FOLDER_PATH)/BLETransfer";
			};
			name = Release;
		};
		304241252E0E4F8F001BFD9F /* Debug */ = {
			isa = XCBuildConfiguration;
			buildSettings = {
				CODE_SIGN_STYLE = Automatic;
				CURRENT_PROJECT_VERSION = 1;
				DEVELOPMENT_TEAM = R6X48SLTJ4;
				GENERATE_INFOPLIST_FILE = YES;
				MARKETING_VERSION = 1.0;
				PRODUCT_BUNDLE_IDENTIFIER = com.nwanvu.BLETransferUITests;
				PRODUCT_NAME = "$(TARGET_NAME)";
				SWIFT_EMIT_LOC_STRINGS = NO;
				SWIFT_VERSION = 5.0;
				TARGETED_DEVICE_FAMILY = "1,2";
				TEST_TARGET_NAME = BLETransfer;
			};
			name = Debug;
		};
		304241262E0E4F8F001BFD9F /* Release */ = {
			isa = XCBuildConfiguration;
			buildSettings = {
				CODE_SIGN_STYLE = Automatic;
				CURRENT_PROJECT_VERSION = 1;
				DEVELOPMENT_TEAM = R6X48SLTJ4;
				GENERATE_INFOPLIST_FILE = YES;
				MARKETING_VERSION = 1.0;
				PRODUCT_BUNDLE_IDENTIFIER = com.nwanvu.BLETransferUITests;
				PRODUCT_NAME = "$(TARGET_NAME)";
				SWIFT_EMIT_LOC_STRINGS = NO;
				SWIFT_VERSION = 5.0;
				TARGETED_DEVICE_FAMILY = "1,2";
				TEST_TARGET_NAME = BLETransfer;
			};
			name = Release;
		};
/* End XCBuildConfiguration section */

/* Begin XCConfigurationList section */
		304240EE2E0E4F8D001BFD9F /* Build configuration list for PBXProject "BLETransfer" */ = {
			isa = XCConfigurationList;
			buildConfigurations = (
				3042411F2E0E4F8F001BFD9F /* Debug */,
				304241202E0E4F8F001BFD9F /* Release */,
			);
			defaultConfigurationIsVisible = 0;
			defaultConfigurationName = Release;
		};
		3042411C2E0E4F8F001BFD9F /* Build configuration list for PBXNativeTarget "BLETransfer" */ = {
			isa = XCConfigurationList;
			buildConfigurations = (
				3042411D2E0E4F8F001BFD9F /* Debug */,
				3042411E2E0E4F8F001BFD9F /* Release */,
			);
			defaultConfigurationIsVisible = 0;
			defaultConfigurationName = Release;
		};
		304241212E0E4F8F001BFD9F /* Build configuration list for PBXNativeTarget "BLETransferTests" */ = {
			isa = XCConfigurationList;
			buildConfigurations = (
				304241222E0E4F8F001BFD9F /* Debug */,
				304241232E0E4F8F001BFD9F /* Release */,
			);
			defaultConfigurationIsVisible = 0;
			defaultConfigurationName = Release;
		};
		304241242E0E4F8F001BFD9F /* Build configuration list for PBXNativeTarget "BLETransferUITests" */ = {
			isa = XCConfigurationList;
			buildConfigurations = (
				304241252E0E4F8F001BFD9F /* Debug */,
				304241262E0E4F8F001BFD9F /* Release */,
			);
			defaultConfigurationIsVisible = 0;
			defaultConfigurationName = Release;
		};
/* End XCConfigurationList section */

/* Begin XCRemoteSwiftPackageReference section */
		304241532E0E9B44001BFD9F /* XCRemoteSwiftPackageReference "ecdsa-swift" */ = {
			isa = XCRemoteSwiftPackageReference;
			repositoryURL = "https://github.com/starkbank/ecdsa-swift";
			requirement = {
				kind = upToNextMajorVersion;
				minimumVersion = 2.0.0;
			};
		};
		304241E02E0EF653001BFD9F /* XCRemoteSwiftPackageReference "RxSwift" */ = {
			isa = XCRemoteSwiftPackageReference;
			repositoryURL = "https://github.com/ReactiveX/RxSwift";
			requirement = {
				kind = upToNextMajorVersion;
				minimumVersion = 6.9.0;
			};
		};
		304241EE2E0F1AED001BFD9F /* XCRemoteSwiftPackageReference "swift-protobuf" */ = {
			isa = XCRemoteSwiftPackageReference;
			repositoryURL = "https://github.com/apple/swift-protobuf.git";
			requirement = {
				kind = upToNextMajorVersion;
				minimumVersion = 1.30.0;
			};
		};
/* End XCRemoteSwiftPackageReference section */

/* Begin XCSwiftPackageProductDependency section */
		304241542E0E9B44001BFD9F /* starkbank-ecdsa */ = {
			isa = XCSwiftPackageProductDependency;
			package = 304241532E0E9B44001BFD9F /* XCRemoteSwiftPackageReference "ecdsa-swift" */;
			productName = "starkbank-ecdsa";
		};
		304241E12E0EF653001BFD9F /* RxCocoa */ = {
			isa = XCSwiftPackageProductDependency;
			package = 304241E02E0EF653001BFD9F /* XCRemoteSwiftPackageReference "RxSwift" */;
			productName = RxCocoa;
		};
		304241EF2E0F1AED001BFD9F /* SwiftProtobuf */ = {
			isa = XCSwiftPackageProductDependency;
			package = 304241EE2E0F1AED001BFD9F /* XCRemoteSwiftPackageReference "swift-protobuf" */;
			productName = SwiftProtobuf;
		};
/* End XCSwiftPackageProductDependency section */
	};
	rootObject = 304240EB2E0E4F8D001BFD9F /* Project object */;
}
